Microsoft Visual Studio Solution File, Format Version 11.00
# Visual Studio 2008

Project("{BEB93994-D49A-2B34-9549-3EFC1260C841}") = "GwangJun", "Assembly-CSharp.csproj", "{15232E4F-23AA-30D7-F07F-F8430A538733}"
EndProject
Global
	GlobalSection(SolutionConfigurationPlatforms) = preSolution
		Debug|Any CPU = Debug|Any CPU
		Release|Any CPU = Release|Any CPU
	EndGlobalSection
	GlobalSection(ProjectConfigurationPlatforms) = postSolution
		{15232E4F-23AA-30D7-F07F-F8430A538733}.Debug|Any CPU.ActiveCfg = Debug|Any CPU
		{15232E4F-23AA-30D7-F07F-F8430A538733}.Debug|Any CPU.Build.0 = Debug|Any CPU
		{15232E4F-23AA-30D7-F07F-F8430A538733}.Release|Any CPU.ActiveCfg = Release|Any CPU
		{15232E4F-23AA-30D7-F07F-F8430A538733}.Release|Any CPU.Build.0 = Release|Any CPU
	EndGlobalSection
	GlobalSection(SolutionProperties) = preSolution
		HideSolutionNode = FALSE
	EndGlobalSection
	GlobalSection(MonoDevelopProperties) = preSolution
		StartupItem = Assembly-CSharp.csproj
	EndGlobalSection
EndGlobal
